
Microsoft Visual Studio Solution File, Format Version 12.00
# Visual Studio Version 17
VisualStudioVersion = 17.0.32112.339
MinimumVisualStudioVersion = 10.0.40219.1
Project("{FAE04EC0-301F-11D3-BF4B-00C04F79EFBC}") = "Presentation.API", "Presentation.API\Presentation.API.csproj", "{6FB9E3C8-8920-4EAA-A5BA-391B91B98AD2}"
EndProject
Project("{2150E333-8FDC-42A3-9474-1A3956D46DE8}") = "Presentation", "Presentation", "{8CE6D7FF-7CC0-47F5-8240-FCF1D7CF99CF}"
EndProject
Project("{2150E333-8FDC-42A3-9474-1A3956D46DE8}") = "DAL", "DAL", "{EB1EBDC3-AD9B-44B0-B987-0527580AC07E}"
EndProject
Project("{2150E333-8FDC-42A3-9474-1A3956D46DE8}") = "BLL", "BLL", "{937CD117-43AF-406C-965C-2F58DA531245}"
EndProject
Project("{FAE04EC0-301F-11D3-BF4B-00C04F79EFBC}") = "Restaurant.DAL", "Restaurant.DAL\Restaurant.DAL.csproj", "{2B9F89F8-9646-4891-9AC8-9E97E868F8CC}"
EndProject
Global
	GlobalSection(SolutionConfigurationPlatforms) = preSolution
		Debug|Any CPU = Debug|Any CPU
		Release|Any CPU = Release|Any CPU
	EndGlobalSection
	GlobalSection(ProjectConfigurationPlatforms) = postSolution
		{6FB9E3C8-8920-4EAA-A5BA-391B91B98AD2}.Debug|Any CPU.ActiveCfg = Debug|Any CPU
		{6FB9E3C8-8920-4EAA-A5BA-391B91B98AD2}.Debug|Any CPU.Build.0 = Debug|Any CPU
		{6FB9E3C8-8920-4EAA-A5BA-391B91B98AD2}.Release|Any CPU.ActiveCfg = Release|Any CPU
		{6FB9E3C8-8920-4EAA-A5BA-391B91B98AD2}.Release|Any CPU.Build.0 = Release|Any CPU
		{2B9F89F8-9646-4891-9AC8-9E97E868F8CC}.Debug|Any CPU.ActiveCfg = Debug|Any CPU
		{2B9F89F8-9646-4891-9AC8-9E97E868F8CC}.Debug|Any CPU.Build.0 = Debug|Any CPU
		{2B9F89F8-9646-4891-9AC8-9E97E868F8CC}.Release|Any CPU.ActiveCfg = Release|Any CPU
		{2B9F89F8-9646-4891-9AC8-9E97E868F8CC}.Release|Any CPU.Build.0 = Release|Any CPU
	EndGlobalSection
	GlobalSection(SolutionProperties) = preSolution
		HideSolutionNode = FALSE
	EndGlobalSection
	GlobalSection(NestedProjects) = preSolution
		{6FB9E3C8-8920-4EAA-A5BA-391B91B98AD2} = {8CE6D7FF-7CC0-47F5-8240-FCF1D7CF99CF}
		{2B9F89F8-9646-4891-9AC8-9E97E868F8CC} = {EB1EBDC3-AD9B-44B0-B987-0527580AC07E}
	EndGlobalSection
	GlobalSection(ExtensibilityGlobals) = postSolution
		SolutionGuid = {8C85008A-2113-4B55-B560-12897BB23247}
	EndGlobalSection
EndGlobal
