
Microsoft Visual Studio Solution File, Format Version 12.00
# Visual Studio Version 17
VisualStudioVersion = 17.0.32112.339
MinimumVisualStudioVersion = 10.0.40219.1
Project("{2150E333-8FDC-42A3-9474-1A3956D46DE8}") = "DAL", "DAL", "{EB1EBDC3-AD9B-44B0-B987-0527580AC07E}"
EndProject
Project("{9A19103F-16F7-4668-BE54-9A1E7A4F7556}") = "Restaurant.DAL", "Restaurant.DAL\Restaurant.DAL.csproj", "{2B9F89F8-9646-4891-9AC8-9E97E868F8CC}"
EndProject
Project("{9A19103F-16F7-4668-BE54-9A1E7A4F7556}") = "Restaurant.DAL.Test", "Restaurant.DAL.Test\Restaurant.DAL.Test.csproj", "{CFC74BB2-274D-4328-B86E-07A80C91FD02}"
EndProject
Project("{2150E333-8FDC-42A3-9474-1A3956D46DE8}") = "BLL", "BLL", "{01FF6561-C992-42AD-9134-80B963F8B31A}"
EndProject
Project("{9A19103F-16F7-4668-BE54-9A1E7A4F7556}") = "Restaurant.BLL", "Restaurant.BLL\Restaurant.BLL.csproj", "{9A565E5C-44AF-4C8D-BF81-03D8D724FEBC}"
EndProject
Project("{2150E333-8FDC-42A3-9474-1A3956D46DE8}") = "PL", "PL", "{33489101-9E66-4298-8F1C-2AC3687A0B0C}"
EndProject
Project("{9A19103F-16F7-4668-BE54-9A1E7A4F7556}") = "Restaurant.PL", "Restaurant.PL\Restaurant.PL.csproj", "{505549DA-EFF3-4868-95A6-1B93C454FD4B}"
EndProject
Global
	GlobalSection(SolutionConfigurationPlatforms) = preSolution
		Debug|Any CPU = Debug|Any CPU
		Release|Any CPU = Release|Any CPU
	EndGlobalSection
	GlobalSection(ProjectConfigurationPlatforms) = postSolution
		{2B9F89F8-9646-4891-9AC8-9E97E868F8CC}.Debug|Any CPU.ActiveCfg = Debug|Any CPU
		{2B9F89F8-9646-4891-9AC8-9E97E868F8CC}.Debug|Any CPU.Build.0 = Debug|Any CPU
		{2B9F89F8-9646-4891-9AC8-9E97E868F8CC}.Release|Any CPU.ActiveCfg = Release|Any CPU
		{2B9F89F8-9646-4891-9AC8-9E97E868F8CC}.Release|Any CPU.Build.0 = Release|Any CPU
		{CFC74BB2-274D-4328-B86E-07A80C91FD02}.Debug|Any CPU.ActiveCfg = Debug|Any CPU
		{CFC74BB2-274D-4328-B86E-07A80C91FD02}.Debug|Any CPU.Build.0 = Debug|Any CPU
		{CFC74BB2-274D-4328-B86E-07A80C91FD02}.Release|Any CPU.ActiveCfg = Release|Any CPU
		{CFC74BB2-274D-4328-B86E-07A80C91FD02}.Release|Any CPU.Build.0 = Release|Any CPU
		{9A565E5C-44AF-4C8D-BF81-03D8D724FEBC}.Debug|Any CPU.ActiveCfg = Debug|Any CPU
		{9A565E5C-44AF-4C8D-BF81-03D8D724FEBC}.Debug|Any CPU.Build.0 = Debug|Any CPU
		{9A565E5C-44AF-4C8D-BF81-03D8D724FEBC}.Release|Any CPU.ActiveCfg = Release|Any CPU
		{9A565E5C-44AF-4C8D-BF81-03D8D724FEBC}.Release|Any CPU.Build.0 = Release|Any CPU
		{505549DA-EFF3-4868-95A6-1B93C454FD4B}.Debug|Any CPU.ActiveCfg = Debug|Any CPU
		{505549DA-EFF3-4868-95A6-1B93C454FD4B}.Debug|Any CPU.Build.0 = Debug|Any CPU
		{505549DA-EFF3-4868-95A6-1B93C454FD4B}.Release|Any CPU.ActiveCfg = Release|Any CPU
		{505549DA-EFF3-4868-95A6-1B93C454FD4B}.Release|Any CPU.Build.0 = Release|Any CPU
	EndGlobalSection
	GlobalSection(SolutionProperties) = preSolution
		HideSolutionNode = FALSE
	EndGlobalSection
	GlobalSection(NestedProjects) = preSolution
		{2B9F89F8-9646-4891-9AC8-9E97E868F8CC} = {EB1EBDC3-AD9B-44B0-B987-0527580AC07E}
		{CFC74BB2-274D-4328-B86E-07A80C91FD02} = {EB1EBDC3-AD9B-44B0-B987-0527580AC07E}
		{9A565E5C-44AF-4C8D-BF81-03D8D724FEBC} = {01FF6561-C992-42AD-9134-80B963F8B31A}
		{505549DA-EFF3-4868-95A6-1B93C454FD4B} = {33489101-9E66-4298-8F1C-2AC3687A0B0C}
	EndGlobalSection
	GlobalSection(ExtensibilityGlobals) = postSolution
		SolutionGuid = {8C85008A-2113-4B55-B560-12897BB23247}
	EndGlobalSection
EndGlobal
